
Microsoft Visual Studio Solution File, Format Version 12.00
# Visual Studio 15
VisualStudioVersion = 15.0.26403.7
MinimumVisualStudioVersion = 10.0.40219.1
Project("{FAE04EC0-301F-11D3-BF4B-00C04F79EFBC}") = "TestHostExample", "TestHostExample\TestHostExample.csproj", "{6A510F42-5BD7-43ED-8020-279C3E1B906E}"
EndProject
Project("{FAE04EC0-301F-11D3-BF4B-00C04F79EFBC}") = "TestHostExample.Tests", "TestHostExample.Tests\TestHostExample.Tests.csproj", "{CD6AF983-C7EA-4912-8AFB-E2BE31F36EBF}"
EndProject
Global
	GlobalSection(SolutionConfigurationPlatforms) = preSolution
		Debug|Any CPU = Debug|Any CPU
		Release|Any CPU = Release|Any CPU
	EndGlobalSection
	GlobalSection(ProjectConfigurationPlatforms) = postSolution
		{6A510F42-5BD7-43ED-8020-279C3E1B906E}.Debug|Any CPU.ActiveCfg = Debug|Any CPU
		{6A510F42-5BD7-43ED-8020-279C3E1B906E}.Debug|Any CPU.Build.0 = Debug|Any CPU
		{6A510F42-5BD7-43ED-8020-279C3E1B906E}.Release|Any CPU.ActiveCfg = Release|Any CPU
		{6A510F42-5BD7-43ED-8020-279C3E1B906E}.Release|Any CPU.Build.0 = Release|Any CPU
		{CD6AF983-C7EA-4912-8AFB-E2BE31F36EBF}.Debug|Any CPU.ActiveCfg = Debug|Any CPU
		{CD6AF983-C7EA-4912-8AFB-E2BE31F36EBF}.Debug|Any CPU.Build.0 = Debug|Any CPU
		{CD6AF983-C7EA-4912-8AFB-E2BE31F36EBF}.Release|Any CPU.ActiveCfg = Release|Any CPU
		{CD6AF983-C7EA-4912-8AFB-E2BE31F36EBF}.Release|Any CPU.Build.0 = Release|Any CPU
	EndGlobalSection
	GlobalSection(SolutionProperties) = preSolution
		HideSolutionNode = FALSE
	EndGlobalSection
EndGlobal
